
Microsoft Visual Studio Solution File, Format Version 12.00
# Visual Studio Version 17
VisualStudioVersion = 17.2.32602.215
MinimumVisualStudioVersion = 10.0.40219.1
Project("{FAE04EC0-301F-11D3-BF4B-00C04F79EFBC}") = "Web_UshtrimePerProvim_LoansApp", "Web_UshtrimePerProvim_LoansApp.csproj", "{ED980432-01B1-4A72-B738-FD2F0B594FED}"
EndProject
Global
	GlobalSection(SolutionConfigurationPlatforms) = preSolution
		Debug|Any CPU = Debug|Any CPU
		Release|Any CPU = Release|Any CPU
	EndGlobalSection
	GlobalSection(ProjectConfigurationPlatforms) = postSolution
		{ED980432-01B1-4A72-B738-FD2F0B594FED}.Debug|Any CPU.ActiveCfg = Debug|Any CPU
		{ED980432-01B1-4A72-B738-FD2F0B594FED}.Debug|Any CPU.Build.0 = Debug|Any CPU
		{ED980432-01B1-4A72-B738-FD2F0B594FED}.Release|Any CPU.ActiveCfg = Release|Any CPU
		{ED980432-01B1-4A72-B738-FD2F0B594FED}.Release|Any CPU.Build.0 = Release|Any CPU
	EndGlobalSection
	GlobalSection(SolutionProperties) = preSolution
		HideSolutionNode = FALSE
	EndGlobalSection
	GlobalSection(ExtensibilityGlobals) = postSolution
		SolutionGuid = {08D9A36B-387C-42A5-925A-5D2359DB767A}
	EndGlobalSection
EndGlobal
